// !$*UTF8*$!
{
	archiveVersion = 1;
	classes = {
	};
	objectVersion = 46;
	objects = {

/* Begin PBXBuildFile section */
		20525EFE1C44F04800393028 /* GameSetupViewController.m in Sources */ = {isa = PBXBuildFile; fileRef = 20525EFD1C44F04800393028 /* GameSetupViewController.m */; };
		20525F021C44F16F00393028 /* NumberOfPlayersViewController.m in Sources */ = {isa = PBXBuildFile; fileRef = 20525F011C44F16F00393028 /* NumberOfPlayersViewController.m */; };
		20525F051C44F1A100393028 /* FilterCardsViewController.m in Sources */ = {isa = PBXBuildFile; fileRef = 20525F041C44F1A100393028 /* FilterCardsViewController.m */; };
		20525F081C44F26A00393028 /* CardTypeDisplayViewController.m in Sources */ = {isa = PBXBuildFile; fileRef = 20525F071C44F26A00393028 /* CardTypeDisplayViewController.m */; };
		209618661C48E3F800A34EE2 /* NSMutableArray+Randomness.m in Sources */ = {isa = PBXBuildFile; fileRef = 209618651C48E3F800A34EE2 /* NSMutableArray+Randomness.m */; };
		20B7D63F1C4463680025BA20 /* SchemeRule+CoreDataProperties.m in Sources */ = {isa = PBXBuildFile; fileRef = 20B7D6181C4463680025BA20 /* SchemeRule+CoreDataProperties.m */; };
		20B7D6401C4463680025BA20 /* SchemeRule.m in Sources */ = {isa = PBXBuildFile; fileRef = 20B7D61A1C4463680025BA20 /* SchemeRule.m */; };
		20B7D6411C4463680025BA20 /* EnemyGroup+CoreDataProperties.m in Sources */ = {isa = PBXBuildFile; fileRef = 20B7D61C1C4463680025BA20 /* EnemyGroup+CoreDataProperties.m */; };
		20B7D6421C4463680025BA20 /* EnemyGroup.m in Sources */ = {isa = PBXBuildFile; fileRef = 20B7D61E1C4463680025BA20 /* EnemyGroup.m */; };
		20B7D6431C4463680025BA20 /* Hero+CoreDataProperties.m in Sources */ = {isa = PBXBuildFile; fileRef = 20B7D6201C4463680025BA20 /* Hero+CoreDataProperties.m */; };
		20B7D6441C4463680025BA20 /* Hero.m in Sources */ = {isa = PBXBuildFile; fileRef = 20B7D6221C4463680025BA20 /* Hero.m */; };
		20B7D6451C4463680025BA20 /* CardSet+CoreDataProperties.m in Sources */ = {isa = PBXBuildFile; fileRef = 20B7D6241C4463680025BA20 /* CardSet+CoreDataProperties.m */; };
		20B7D6461C4463680025BA20 /* CardSet.m in Sources */ = {isa = PBXBuildFile; fileRef = 20B7D6261C4463680025BA20 /* CardSet.m */; };
		20B7D6471C4463680025BA20 /* HenchmanGroup+CoreDataProperties.m in Sources */ = {isa = PBXBuildFile; fileRef = 20B7D6281C4463680025BA20 /* HenchmanGroup+CoreDataProperties.m */; };
		20B7D6481C4463680025BA20 /* HenchmanGroup.m in Sources */ = {isa = PBXBuildFile; fileRef = 20B7D62A1C4463680025BA20 /* HenchmanGroup.m */; };
		20B7D6491C4463680025BA20 /* DisplayableEntity+CoreDataProperties.m in Sources */ = {isa = PBXBuildFile; fileRef = 20B7D62C1C4463680025BA20 /* DisplayableEntity+CoreDataProperties.m */; };
		20B7D64A1C4463680025BA20 /* DisplayableEntity.m in Sources */ = {isa = PBXBuildFile; fileRef = 20B7D62E1C4463680025BA20 /* DisplayableEntity.m */; };
		20B7D64B1C4463680025BA20 /* Expansion+CoreDataProperties.m in Sources */ = {isa = PBXBuildFile; fileRef = 20B7D6301C4463680025BA20 /* Expansion+CoreDataProperties.m */; };
		20B7D64C1C4463680025BA20 /* Expansion.m in Sources */ = {isa = PBXBuildFile; fileRef = 20B7D6321C4463680025BA20 /* Expansion.m */; };
		20B7D64D1C4463680025BA20 /* Scheme+CoreDataProperties.m in Sources */ = {isa = PBXBuildFile; fileRef = 20B7D6341C4463680025BA20 /* Scheme+CoreDataProperties.m */; };
		20B7D64E1C4463680025BA20 /* Scheme.m in Sources */ = {isa = PBXBuildFile; fileRef = 20B7D6361C4463680025BA20 /* Scheme.m */; };
		20B7D64F1C4463680025BA20 /* VillainGroup+CoreDataProperties.m in Sources */ = {isa = PBXBuildFile; fileRef = 20B7D6381C4463680025BA20 /* VillainGroup+CoreDataProperties.m */; };
		20B7D6501C4463680025BA20 /* VillainGroup.m in Sources */ = {isa = PBXBuildFile; fileRef = 20B7D63A1C4463680025BA20 /* VillainGroup.m */; };
		20B7D6511C4463680025BA20 /* Mastermind+CoreDataProperties.m in Sources */ = {isa = PBXBuildFile; fileRef = 20B7D63C1C4463680025BA20 /* Mastermind+CoreDataProperties.m */; };
		20B7D6521C4463680025BA20 /* Mastermind.m in Sources */ = {isa = PBXBuildFile; fileRef = 20B7D63E1C4463680025BA20 /* Mastermind.m */; };
		561F50201C46B4BC00BD5AD2 /* Comic Book Bold Italic.otf in Resources */ = {isa = PBXBuildFile; fileRef = 561F501B1C46B4BC00BD5AD2 /* Comic Book Bold Italic.otf */; };
		561F50211C46B4BC00BD5AD2 /* Comic Book Bold.otf in Resources */ = {isa = PBXBuildFile; fileRef = 561F501C1C46B4BC00BD5AD2 /* Comic Book Bold.otf */; };
		561F50221C46B4BC00BD5AD2 /* Comic Book Italic.otf in Resources */ = {isa = PBXBuildFile; fileRef = 561F501D1C46B4BC00BD5AD2 /* Comic Book Italic.otf */; };
		561F50231C46B4BC00BD5AD2 /* Comic Book.otf in Resources */ = {isa = PBXBuildFile; fileRef = 561F501E1C46B4BC00BD5AD2 /* Comic Book.otf */; };
		561F50241C46B4BC00BD5AD2 /* Font License.txt in Resources */ = {isa = PBXBuildFile; fileRef = 561F501F1C46B4BC00BD5AD2 /* Font License.txt */; };
		563E91851C4420A200BD794F /* DataManager.m in Sources */ = {isa = PBXBuildFile; fileRef = 563E91841C4420A200BD794F /* DataManager.m */; };
		563E91881C44243F00BD794F /* DataBuilder.m in Sources */ = {isa = PBXBuildFile; fileRef = 563E91871C44243F00BD794F /* DataBuilder.m */; settings = {COMPILER_FLAGS = "-w"; }; };
		56984CED1C46AEA100D7255E /* VillainDeckSetTableViewCell.m in Sources */ = {isa = PBXBuildFile; fileRef = 56984CEC1C46AEA100D7255E /* VillainDeckSetTableViewCell.m */; };
		56984CF11C46AEC800D7255E /* VillainDeckSetTableViewCell.xib in Resources */ = {isa = PBXBuildFile; fileRef = 56984CF01C46AEC800D7255E /* VillainDeckSetTableViewCell.xib */; };
		56984CF41C46B08000D7255E /* BorderedLabel.m in Sources */ = {isa = PBXBuildFile; fileRef = 56984CF31C46B08000D7255E /* BorderedLabel.m */; };
		56D2FFBD1C3ECD66002DD3A2 /* main.m in Sources */ = {isa = PBXBuildFile; fileRef = 56D2FFBC1C3ECD66002DD3A2 /* main.m */; };
		56D2FFC01C3ECD66002DD3A2 /* AppDelegate.m in Sources */ = {isa = PBXBuildFile; fileRef = 56D2FFBF1C3ECD66002DD3A2 /* AppDelegate.m */; };
		56D2FFC61C3ECD66002DD3A2 /* Main.storyboard in Resources */ = {isa = PBXBuildFile; fileRef = 56D2FFC41C3ECD66002DD3A2 /* Main.storyboard */; };
		56D2FFC91C3ECD66002DD3A2 /* Legendary_Jarvis.xcdatamodeld in Sources */ = {isa = PBXBuildFile; fileRef = 56D2FFC71C3ECD66002DD3A2 /* Legendary_Jarvis.xcdatamodeld */; };
		56D2FFCB1C3ECD66002DD3A2 /* Assets.xcassets in Resources */ = {isa = PBXBuildFile; fileRef = 56D2FFCA1C3ECD66002DD3A2 /* Assets.xcassets */; };
		56D2FFCE1C3ECD66002DD3A2 /* LaunchScreen.storyboard in Resources */ = {isa = PBXBuildFile; fileRef = 56D2FFCC1C3ECD66002DD3A2 /* LaunchScreen.storyboard */; };
		56F6835C1C47E37000C0690D /* GradientTopBar.m in Sources */ = {isa = PBXBuildFile; fileRef = 56F6835B1C47E37000C0690D /* GradientTopBar.m */; };
		56F683631C48036700C0690D /* GameCreator.m in Sources */ = {isa = PBXBuildFile; fileRef = 56F683621C48036700C0690D /* GameCreator.m */; };
		56F683671C480E6400C0690D /* NSArray+Randomness.m in Sources */ = {isa = PBXBuildFile; fileRef = 56F683661C480E6400C0690D /* NSArray+Randomness.m */; };
/* End PBXBuildFile section */

/* Begin PBXFileReference section */
		20525EFC1C44F04800393028 /* GameSetupViewController.h */ = {isa = PBXFileReference; fileEncoding = 4; lastKnownFileType = sourcecode.c.h; path = GameSetupViewController.h; sourceTree = "<group>"; };
		20525EFD1C44F04800393028 /* GameSetupViewController.m */ = {isa = PBXFileReference; fileEncoding = 4; lastKnownFileType = sourcecode.c.objc; path = GameSetupViewController.m; sourceTree = "<group>"; };
		20525F001C44F16F00393028 /* NumberOfPlayersViewController.h */ = {isa = PBXFileReference; fileEncoding = 4; lastKnownFileType = sourcecode.c.h; path = NumberOfPlayersViewController.h; sourceTree = "<group>"; };
		20525F011C44F16F00393028 /* NumberOfPlayersViewController.m */ = {isa = PBXFileReference; fileEncoding = 4; lastKnownFileType = sourcecode.c.objc; path = NumberOfPlayersViewController.m; sourceTree = "<group>"; };
		20525F031C44F1A100393028 /* FilterCardsViewController.h */ = {isa = PBXFileReference; fileEncoding = 4; lastKnownFileType = sourcecode.c.h; path = FilterCardsViewController.h; sourceTree = "<group>"; };
		20525F041C44F1A100393028 /* FilterCardsViewController.m */ = {isa = PBXFileReference; fileEncoding = 4; lastKnownFileType = sourcecode.c.objc; path = FilterCardsViewController.m; sourceTree = "<group>"; };
		20525F061C44F26A00393028 /* CardTypeDisplayViewController.h */ = {isa = PBXFileReference; fileEncoding = 4; lastKnownFileType = sourcecode.c.h; path = CardTypeDisplayViewController.h; sourceTree = "<group>"; };
		20525F071C44F26A00393028 /* CardTypeDisplayViewController.m */ = {isa = PBXFileReference; fileEncoding = 4; lastKnownFileType = sourcecode.c.objc; path = CardTypeDisplayViewController.m; sourceTree = "<group>"; };
		209618641C48E3F800A34EE2 /* NSMutableArray+Randomness.h */ = {isa = PBXFileReference; fileEncoding = 4; lastKnownFileType = sourcecode.c.h; path = "NSMutableArray+Randomness.h"; sourceTree = "<group>"; };
		209618651C48E3F800A34EE2 /* NSMutableArray+Randomness.m */ = {isa = PBXFileReference; fileEncoding = 4; lastKnownFileType = sourcecode.c.objc; path = "NSMutableArray+Randomness.m"; sourceTree = "<group>"; };
		20B7D6171C4463680025BA20 /* SchemeRule+CoreDataProperties.h */ = {isa = PBXFileReference; fileEncoding = 4; lastKnownFileType = sourcecode.c.h; name = "SchemeRule+CoreDataProperties.h"; path = "../SchemeRule+CoreDataProperties.h"; sourceTree = "<group>"; };
		20B7D6181C4463680025BA20 /* SchemeRule+CoreDataProperties.m */ = {isa = PBXFileReference; fileEncoding = 4; lastKnownFileType = sourcecode.c.objc; name = "SchemeRule+CoreDataProperties.m"; path = "../SchemeRule+CoreDataProperties.m"; sourceTree = "<group>"; };
		20B7D6191C4463680025BA20 /* SchemeRule.h */ = {isa = PBXFileReference; fileEncoding = 4; lastKnownFileType = sourcecode.c.h; name = SchemeRule.h; path = ../SchemeRule.h; sourceTree = "<group>"; };
		20B7D61A1C4463680025BA20 /* SchemeRule.m */ = {isa = PBXFileReference; fileEncoding = 4; lastKnownFileType = sourcecode.c.objc; name = SchemeRule.m; path = ../SchemeRule.m; sourceTree = "<group>"; };
		20B7D61B1C4463680025BA20 /* EnemyGroup+CoreDataProperties.h */ = {isa = PBXFileReference; fileEncoding = 4; lastKnownFileType = sourcecode.c.h; name = "EnemyGroup+CoreDataProperties.h"; path = "../EnemyGroup+CoreDataProperties.h"; sourceTree = "<group>"; };
		20B7D61C1C4463680025BA20 /* EnemyGroup+CoreDataProperties.m */ = {isa = PBXFileReference; fileEncoding = 4; lastKnownFileType = sourcecode.c.objc; name = "EnemyGroup+CoreDataProperties.m"; path = "../EnemyGroup+CoreDataProperties.m"; sourceTree = "<group>"; };
		20B7D61D1C4463680025BA20 /* EnemyGroup.h */ = {isa = PBXFileReference; fileEncoding = 4; lastKnownFileType = sourcecode.c.h; name = EnemyGroup.h; path = ../EnemyGroup.h; sourceTree = "<group>"; };
		20B7D61E1C4463680025BA20 /* EnemyGroup.m */ = {isa = PBXFileReference; fileEncoding = 4; lastKnownFileType = sourcecode.c.objc; name = EnemyGroup.m; path = ../EnemyGroup.m; sourceTree = "<group>"; };
		20B7D61F1C4463680025BA20 /* Hero+CoreDataProperties.h */ = {isa = PBXFileReference; fileEncoding = 4; lastKnownFileType = sourcecode.c.h; name = "Hero+CoreDataProperties.h"; path = "../Hero+CoreDataProperties.h"; sourceTree = "<group>"; };
		20B7D6201C4463680025BA20 /* Hero+CoreDataProperties.m */ = {isa = PBXFileReference; fileEncoding = 4; lastKnownFileType = sourcecode.c.objc; name = "Hero+CoreDataProperties.m"; path = "../Hero+CoreDataProperties.m"; sourceTree = "<group>"; };
		20B7D6211C4463680025BA20 /* Hero.h */ = {isa = PBXFileReference; fileEncoding = 4; lastKnownFileType = sourcecode.c.h; name = Hero.h; path = ../Hero.h; sourceTree = "<group>"; };
		20B7D6221C4463680025BA20 /* Hero.m */ = {isa = PBXFileReference; fileEncoding = 4; lastKnownFileType = sourcecode.c.objc; name = Hero.m; path = ../Hero.m; sourceTree = "<group>"; };
		20B7D6231C4463680025BA20 /* CardSet+CoreDataProperties.h */ = {isa = PBXFileReference; fileEncoding = 4; lastKnownFileType = sourcecode.c.h; name = "CardSet+CoreDataProperties.h"; path = "../CardSet+CoreDataProperties.h"; sourceTree = "<group>"; };
		20B7D6241C4463680025BA20 /* CardSet+CoreDataProperties.m */ = {isa = PBXFileReference; fileEncoding = 4; lastKnownFileType = sourcecode.c.objc; name = "CardSet+CoreDataProperties.m"; path = "../CardSet+CoreDataProperties.m"; sourceTree = "<group>"; };
		20B7D6251C4463680025BA20 /* CardSet.h */ = {isa = PBXFileReference; fileEncoding = 4; lastKnownFileType = sourcecode.c.h; name = CardSet.h; path = ../CardSet.h; sourceTree = "<group>"; };
		20B7D6261C4463680025BA20 /* CardSet.m */ = {isa = PBXFileReference; fileEncoding = 4; lastKnownFileType = sourcecode.c.objc; name = CardSet.m; path = ../CardSet.m; sourceTree = "<group>"; };
		20B7D6271C4463680025BA20 /* HenchmanGroup+CoreDataProperties.h */ = {isa = PBXFileReference; fileEncoding = 4; lastKnownFileType = sourcecode.c.h; name = "HenchmanGroup+CoreDataProperties.h"; path = "../HenchmanGroup+CoreDataProperties.h"; sourceTree = "<group>"; };
		20B7D6281C4463680025BA20 /* HenchmanGroup+CoreDataProperties.m */ = {isa = PBXFileReference; fileEncoding = 4; lastKnownFileType = sourcecode.c.objc; name = "HenchmanGroup+CoreDataProperties.m"; path = "../HenchmanGroup+CoreDataProperties.m"; sourceTree = "<group>"; };
		20B7D6291C4463680025BA20 /* HenchmanGroup.h */ = {isa = PBXFileReference; fileEncoding = 4; lastKnownFileType = sourcecode.c.h; name = HenchmanGroup.h; path = ../HenchmanGroup.h; sourceTree = "<group>"; };
		20B7D62A1C4463680025BA20 /* HenchmanGroup.m */ = {isa = PBXFileReference; fileEncoding = 4; lastKnownFileType = sourcecode.c.objc; name = HenchmanGroup.m; path = ../HenchmanGroup.m; sourceTree = "<group>"; };
		20B7D62B1C4463680025BA20 /* DisplayableEntity+CoreDataProperties.h */ = {isa = PBXFileReference; fileEncoding = 4; lastKnownFileType = sourcecode.c.h; name = "DisplayableEntity+CoreDataProperties.h"; path = "../DisplayableEntity+CoreDataProperties.h"; sourceTree = "<group>"; };
		20B7D62C1C4463680025BA20 /* DisplayableEntity+CoreDataProperties.m */ = {isa = PBXFileReference; fileEncoding = 4; lastKnownFileType = sourcecode.c.objc; name = "DisplayableEntity+CoreDataProperties.m"; path = "../DisplayableEntity+CoreDataProperties.m"; sourceTree = "<group>"; };
		20B7D62D1C4463680025BA20 /* DisplayableEntity.h */ = {isa = PBXFileReference; fileEncoding = 4; lastKnownFileType = sourcecode.c.h; name = DisplayableEntity.h; path = ../DisplayableEntity.h; sourceTree = "<group>"; };
		20B7D62E1C4463680025BA20 /* DisplayableEntity.m */ = {isa = PBXFileReference; fileEncoding = 4; lastKnownFileType = sourcecode.c.objc; name = DisplayableEntity.m; path = ../DisplayableEntity.m; sourceTree = "<group>"; };
		20B7D62F1C4463680025BA20 /* Expansion+CoreDataProperties.h */ = {isa = PBXFileReference; fileEncoding = 4; lastKnownFileType = sourcecode.c.h; name = "Expansion+CoreDataProperties.h"; path = "../Expansion+CoreDataProperties.h"; sourceTree = "<group>"; };
		20B7D6301C4463680025BA20 /* Expansion+CoreDataProperties.m */ = {isa = PBXFileReference; fileEncoding = 4; lastKnownFileType = sourcecode.c.objc; name = "Expansion+CoreDataProperties.m"; path = "../Expansion+CoreDataProperties.m"; sourceTree = "<group>"; };
		20B7D6311C4463680025BA20 /* Expansion.h */ = {isa = PBXFileReference; fileEncoding = 4; lastKnownFileType = sourcecode.c.h; name = Expansion.h; path = ../Expansion.h; sourceTree = "<group>"; };
		20B7D6321C4463680025BA20 /* Expansion.m */ = {isa = PBXFileReference; fileEncoding = 4; lastKnownFileType = sourcecode.c.objc; name = Expansion.m; path = ../Expansion.m; sourceTree = "<group>"; };
		20B7D6331C4463680025BA20 /* Scheme+CoreDataProperties.h */ = {isa = PBXFileReference; fileEncoding = 4; lastKnownFileType = sourcecode.c.h; name = "Scheme+CoreDataProperties.h"; path = "../Scheme+CoreDataProperties.h"; sourceTree = "<group>"; };
		20B7D6341C4463680025BA20 /* Scheme+CoreDataProperties.m */ = {isa = PBXFileReference; fileEncoding = 4; lastKnownFileType = sourcecode.c.objc; name = "Scheme+CoreDataProperties.m"; path = "../Scheme+CoreDataProperties.m"; sourceTree = "<group>"; };
		20B7D6351C4463680025BA20 /* Scheme.h */ = {isa = PBXFileReference; fileEncoding = 4; lastKnownFileType = sourcecode.c.h; name = Scheme.h; path = ../Scheme.h; sourceTree = "<group>"; };
		20B7D6361C4463680025BA20 /* Scheme.m */ = {isa = PBXFileReference; fileEncoding = 4; lastKnownFileType = sourcecode.c.objc; name = Scheme.m; path = ../Scheme.m; sourceTree = "<group>"; };
		20B7D6371C4463680025BA20 /* VillainGroup+CoreDataProperties.h */ = {isa = PBXFileReference; fileEncoding = 4; lastKnownFileType = sourcecode.c.h; name = "VillainGroup+CoreDataProperties.h"; path = "../VillainGroup+CoreDataProperties.h"; sourceTree = "<group>"; };
		20B7D6381C4463680025BA20 /* VillainGroup+CoreDataProperties.m */ = {isa = PBXFileReference; fileEncoding = 4; lastKnownFileType = sourcecode.c.objc; name = "VillainGroup+CoreDataProperties.m"; path = "../VillainGroup+CoreDataProperties.m"; sourceTree = "<group>"; };
		20B7D6391C4463680025BA20 /* VillainGroup.h */ = {isa = PBXFileReference; fileEncoding = 4; lastKnownFileType = sourcecode.c.h; name = VillainGroup.h; path = ../VillainGroup.h; sourceTree = "<group>"; };
		20B7D63A1C4463680025BA20 /* VillainGroup.m */ = {isa = PBXFileReference; fileEncoding = 4; lastKnownFileType = sourcecode.c.objc; name = VillainGroup.m; path = ../VillainGroup.m; sourceTree = "<group>"; };
		20B7D63B1C4463680025BA20 /* Mastermind+CoreDataProperties.h */ = {isa = PBXFileReference; fileEncoding = 4; lastKnownFileType = sourcecode.c.h; name = "Mastermind+CoreDataProperties.h"; path = "../Mastermind+CoreDataProperties.h"; sourceTree = "<group>"; };
		20B7D63C1C4463680025BA20 /* Mastermind+CoreDataProperties.m */ = {isa = PBXFileReference; fileEncoding = 4; lastKnownFileType = sourcecode.c.objc; name = "Mastermind+CoreDataProperties.m"; path = "../Mastermind+CoreDataProperties.m"; sourceTree = "<group>"; };
		20B7D63D1C4463680025BA20 /* Mastermind.h */ = {isa = PBXFileReference; fileEncoding = 4; lastKnownFileType = sourcecode.c.h; name = Mastermind.h; path = ../Mastermind.h; sourceTree = "<group>"; };
		20B7D63E1C4463680025BA20 /* Mastermind.m */ = {isa = PBXFileReference; fileEncoding = 4; lastKnownFileType = sourcecode.c.objc; name = Mastermind.m; path = ../Mastermind.m; sourceTree = "<group>"; };
		561F501B1C46B4BC00BD5AD2 /* Comic Book Bold Italic.otf */ = {isa = PBXFileReference; lastKnownFileType = file; path = "Comic Book Bold Italic.otf"; sourceTree = "<group>"; };
		561F501C1C46B4BC00BD5AD2 /* Comic Book Bold.otf */ = {isa = PBXFileReference; lastKnownFileType = file; path = "Comic Book Bold.otf"; sourceTree = "<group>"; };
		561F501D1C46B4BC00BD5AD2 /* Comic Book Italic.otf */ = {isa = PBXFileReference; lastKnownFileType = file; path = "Comic Book Italic.otf"; sourceTree = "<group>"; };
		561F501E1C46B4BC00BD5AD2 /* Comic Book.otf */ = {isa = PBXFileReference; lastKnownFileType = file; path = "Comic Book.otf"; sourceTree = "<group>"; };
		561F501F1C46B4BC00BD5AD2 /* Font License.txt */ = {isa = PBXFileReference; fileEncoding = 4; lastKnownFileType = text; path = "Font License.txt"; sourceTree = "<group>"; };
		563E91831C4420A200BD794F /* DataManager.h */ = {isa = PBXFileReference; fileEncoding = 4; lastKnownFileType = sourcecode.c.h; path = DataManager.h; sourceTree = "<group>"; };
		563E91841C4420A200BD794F /* DataManager.m */ = {isa = PBXFileReference; fileEncoding = 4; lastKnownFileType = sourcecode.c.objc; path = DataManager.m; sourceTree = "<group>"; };
		563E91861C44243F00BD794F /* DataBuilder.h */ = {isa = PBXFileReference; fileEncoding = 4; lastKnownFileType = sourcecode.c.h; path = DataBuilder.h; sourceTree = "<group>"; };
		563E91871C44243F00BD794F /* DataBuilder.m */ = {isa = PBXFileReference; fileEncoding = 4; lastKnownFileType = sourcecode.c.objc; path = DataBuilder.m; sourceTree = "<group>"; };
		56984CEB1C46AEA100D7255E /* VillainDeckSetTableViewCell.h */ = {isa = PBXFileReference; fileEncoding = 4; lastKnownFileType = sourcecode.c.h; path = VillainDeckSetTableViewCell.h; sourceTree = "<group>"; };
		56984CEC1C46AEA100D7255E /* VillainDeckSetTableViewCell.m */ = {isa = PBXFileReference; fileEncoding = 4; lastKnownFileType = sourcecode.c.objc; path = VillainDeckSetTableViewCell.m; sourceTree = "<group>"; };
		56984CF01C46AEC800D7255E /* VillainDeckSetTableViewCell.xib */ = {isa = PBXFileReference; fileEncoding = 4; lastKnownFileType = file.xib; path = VillainDeckSetTableViewCell.xib; sourceTree = "<group>"; };
		56984CF21C46B08000D7255E /* BorderedLabel.h */ = {isa = PBXFileReference; fileEncoding = 4; lastKnownFileType = sourcecode.c.h; path = BorderedLabel.h; sourceTree = "<group>"; };
		56984CF31C46B08000D7255E /* BorderedLabel.m */ = {isa = PBXFileReference; fileEncoding = 4; lastKnownFileType = sourcecode.c.objc; path = BorderedLabel.m; sourceTree = "<group>"; };
		56D2FFB81C3ECD66002DD3A2 /* Legendary_Jarvis.app */ = {isa = PBXFileReference; explicitFileType = wrapper.application; includeInIndex = 0; path = Legendary_Jarvis.app; sourceTree = BUILT_PRODUCTS_DIR; };
		56D2FFBC1C3ECD66002DD3A2 /* main.m */ = {isa = PBXFileReference; lastKnownFileType = sourcecode.c.objc; path = main.m; sourceTree = "<group>"; };
		56D2FFBE1C3ECD66002DD3A2 /* AppDelegate.h */ = {isa = PBXFileReference; lastKnownFileType = sourcecode.c.h; path = AppDelegate.h; sourceTree = "<group>"; };
		56D2FFBF1C3ECD66002DD3A2 /* AppDelegate.m */ = {isa = PBXFileReference; lastKnownFileType = sourcecode.c.objc; path = AppDelegate.m; sourceTree = "<group>"; };
		56D2FFC51C3ECD66002DD3A2 /* Base */ = {isa = PBXFileReference; lastKnownFileType = file.storyboard; name = Base; path = Base.lproj/Main.storyboard; sourceTree = "<group>"; };
		56D2FFC81C3ECD66002DD3A2 /* Legendary_Jarvis.xcdatamodel */ = {isa = PBXFileReference; lastKnownFileType = wrapper.xcdatamodel; path = Legendary_Jarvis.xcdatamodel; sourceTree = "<group>"; };
		56D2FFCA1C3ECD66002DD3A2 /* Assets.xcassets */ = {isa = PBXFileReference; lastKnownFileType = folder.assetcatalog; path = Assets.xcassets; sourceTree = "<group>"; };
		56D2FFCD1C3ECD66002DD3A2 /* Base */ = {isa = PBXFileReference; lastKnownFileType = file.storyboard; name = Base; path = Base.lproj/LaunchScreen.storyboard; sourceTree = "<group>"; };
		56D2FFCF1C3ECD66002DD3A2 /* Info.plist */ = {isa = PBXFileReference; lastKnownFileType = text.plist.xml; path = Info.plist; sourceTree = "<group>"; };
		56F6835A1C47E37000C0690D /* GradientTopBar.h */ = {isa = PBXFileReference; fileEncoding = 4; lastKnownFileType = sourcecode.c.h; path = GradientTopBar.h; sourceTree = "<group>"; };
		56F6835B1C47E37000C0690D /* GradientTopBar.m */ = {isa = PBXFileReference; fileEncoding = 4; lastKnownFileType = sourcecode.c.objc; path = GradientTopBar.m; sourceTree = "<group>"; };
		56F683611C48036700C0690D /* GameCreator.h */ = {isa = PBXFileReference; fileEncoding = 4; lastKnownFileType = sourcecode.c.h; path = GameCreator.h; sourceTree = "<group>"; };
		56F683621C48036700C0690D /* GameCreator.m */ = {isa = PBXFileReference; fileEncoding = 4; lastKnownFileType = sourcecode.c.objc; path = GameCreator.m; sourceTree = "<group>"; };
		56F683651C480E6400C0690D /* NSArray+Randomness.h */ = {isa = PBXFileReference; fileEncoding = 4; lastKnownFileType = sourcecode.c.h; path = "NSArray+Randomness.h"; sourceTree = "<group>"; };
		56F683661C480E6400C0690D /* NSArray+Randomness.m */ = {isa = PBXFileReference; fileEncoding = 4; lastKnownFileType = sourcecode.c.objc; path = "NSArray+Randomness.m"; sourceTree = "<group>"; };
/* End PBXFileReference section */

/* Begin PBXFrameworksBuildPhase section */
		56D2FFB51C3ECD66002DD3A2 /* Frameworks */ = {
			isa = PBXFrameworksBuildPhase;
			buildActionMask = 2147483647;
			files = (
			);
			runOnlyForDeploymentPostprocessing = 0;
		};
/* End PBXFrameworksBuildPhase section */

/* Begin PBXGroup section */
		20525EFF1C44F05000393028 /* View Controllers and Views */ = {
			isa = PBXGroup;
			children = (
				56984CEA1C46AE6600D7255E /* Game Setup */,
				20525F001C44F16F00393028 /* NumberOfPlayersViewController.h */,
				20525F011C44F16F00393028 /* NumberOfPlayersViewController.m */,
				20525F031C44F1A100393028 /* FilterCardsViewController.h */,
				20525F041C44F1A100393028 /* FilterCardsViewController.m */,
				20525F061C44F26A00393028 /* CardTypeDisplayViewController.h */,
				20525F071C44F26A00393028 /* CardTypeDisplayViewController.m */,
			);
			name = "View Controllers and Views";
			sourceTree = "<group>";
		};
		20B7D6531C4463820025BA20 /* Objects */ = {
			isa = PBXGroup;
			children = (
				20B7D6191C4463680025BA20 /* SchemeRule.h */,
				20B7D61A1C4463680025BA20 /* SchemeRule.m */,
				20B7D61D1C4463680025BA20 /* EnemyGroup.h */,
				20B7D61E1C4463680025BA20 /* EnemyGroup.m */,
				20B7D6211C4463680025BA20 /* Hero.h */,
				20B7D6221C4463680025BA20 /* Hero.m */,
				20B7D6251C4463680025BA20 /* CardSet.h */,
				20B7D6261C4463680025BA20 /* CardSet.m */,
				20B7D6291C4463680025BA20 /* HenchmanGroup.h */,
				20B7D62A1C4463680025BA20 /* HenchmanGroup.m */,
				20B7D62D1C4463680025BA20 /* DisplayableEntity.h */,
				20B7D62E1C4463680025BA20 /* DisplayableEntity.m */,
				20B7D6311C4463680025BA20 /* Expansion.h */,
				20B7D6321C4463680025BA20 /* Expansion.m */,
				20B7D6351C4463680025BA20 /* Scheme.h */,
				20B7D6361C4463680025BA20 /* Scheme.m */,
				20B7D6391C4463680025BA20 /* VillainGroup.h */,
				20B7D63A1C4463680025BA20 /* VillainGroup.m */,
				20B7D63D1C4463680025BA20 /* Mastermind.h */,
				20B7D63E1C4463680025BA20 /* Mastermind.m */,
			);
			name = Objects;
			sourceTree = "<group>";
		};
		20B7D6541C44638B0025BA20 /* Auto-Generated */ = {
			isa = PBXGroup;
			children = (
				20B7D6171C4463680025BA20 /* SchemeRule+CoreDataProperties.h */,
				20B7D6181C4463680025BA20 /* SchemeRule+CoreDataProperties.m */,
				20B7D61B1C4463680025BA20 /* EnemyGroup+CoreDataProperties.h */,
				20B7D61C1C4463680025BA20 /* EnemyGroup+CoreDataProperties.m */,
				20B7D61F1C4463680025BA20 /* Hero+CoreDataProperties.h */,
				20B7D6201C4463680025BA20 /* Hero+CoreDataProperties.m */,
				20B7D6231C4463680025BA20 /* CardSet+CoreDataProperties.h */,
				20B7D6241C4463680025BA20 /* CardSet+CoreDataProperties.m */,
				20B7D6271C4463680025BA20 /* HenchmanGroup+CoreDataProperties.h */,
				20B7D6281C4463680025BA20 /* HenchmanGroup+CoreDataProperties.m */,
				20B7D62B1C4463680025BA20 /* DisplayableEntity+CoreDataProperties.h */,
				20B7D62C1C4463680025BA20 /* DisplayableEntity+CoreDataProperties.m */,
				20B7D62F1C4463680025BA20 /* Expansion+CoreDataProperties.h */,
				20B7D6301C4463680025BA20 /* Expansion+CoreDataProperties.m */,
				20B7D6331C4463680025BA20 /* Scheme+CoreDataProperties.h */,
				20B7D6341C4463680025BA20 /* Scheme+CoreDataProperties.m */,
				20B7D6371C4463680025BA20 /* VillainGroup+CoreDataProperties.h */,
				20B7D6381C4463680025BA20 /* VillainGroup+CoreDataProperties.m */,
				20B7D63B1C4463680025BA20 /* Mastermind+CoreDataProperties.h */,
				20B7D63C1C4463680025BA20 /* Mastermind+CoreDataProperties.m */,
			);
			name = "Auto-Generated";
			sourceTree = "<group>";
		};
		561F501A1C46B4BC00BD5AD2 /* comic_book */ = {
			isa = PBXGroup;
			children = (
				561F501B1C46B4BC00BD5AD2 /* Comic Book Bold Italic.otf */,
				561F501C1C46B4BC00BD5AD2 /* Comic Book Bold.otf */,
				561F501D1C46B4BC00BD5AD2 /* Comic Book Italic.otf */,
				561F501E1C46B4BC00BD5AD2 /* Comic Book.otf */,
				561F501F1C46B4BC00BD5AD2 /* Font License.txt */,
			);
			path = comic_book;
			sourceTree = "<group>";
		};
		563E917E1C43FF4600BD794F /* Data Storage */ = {
			isa = PBXGroup;
			children = (
				563E917F1C43FF5800BD794F /* Entities */,
				56D2FFC71C3ECD66002DD3A2 /* Legendary_Jarvis.xcdatamodeld */,
				563E91831C4420A200BD794F /* DataManager.h */,
				563E91841C4420A200BD794F /* DataManager.m */,
				563E91861C44243F00BD794F /* DataBuilder.h */,
				563E91871C44243F00BD794F /* DataBuilder.m */,
			);
			name = "Data Storage";
			sourceTree = "<group>";
		};
		563E917F1C43FF5800BD794F /* Entities */ = {
			isa = PBXGroup;
			children = (
				20B7D6541C44638B0025BA20 /* Auto-Generated */,
				20B7D6531C4463820025BA20 /* Objects */,
			);
			name = Entities;
			sourceTree = "<group>";
		};
		563E91801C441F6500BD794F /* Resources */ = {
			isa = PBXGroup;
			children = (
				561F501A1C46B4BC00BD5AD2 /* comic_book */,
			);
			name = Resources;
			sourceTree = "<group>";
		};
		56984CEA1C46AE6600D7255E /* Game Setup */ = {
			isa = PBXGroup;
			children = (
				20525EFC1C44F04800393028 /* GameSetupViewController.h */,
				20525EFD1C44F04800393028 /* GameSetupViewController.m */,
				56984CEB1C46AEA100D7255E /* VillainDeckSetTableViewCell.h */,
				56984CEC1C46AEA100D7255E /* VillainDeckSetTableViewCell.m */,
				56984CF01C46AEC800D7255E /* VillainDeckSetTableViewCell.xib */,
				56984CF21C46B08000D7255E /* BorderedLabel.h */,
				56984CF31C46B08000D7255E /* BorderedLabel.m */,
				56F6835A1C47E37000C0690D /* GradientTopBar.h */,
				56F6835B1C47E37000C0690D /* GradientTopBar.m */,
			);
			name = "Game Setup";
			sourceTree = "<group>";
		};
		56D2FFAF1C3ECD66002DD3A2 = {
			isa = PBXGroup;
			children = (
				56D2FFBA1C3ECD66002DD3A2 /* Legendary_Jarvis */,
				56D2FFB91C3ECD66002DD3A2 /* Products */,
			);
			sourceTree = "<group>";
		};
		56D2FFB91C3ECD66002DD3A2 /* Products */ = {
			isa = PBXGroup;
			children = (
				56D2FFB81C3ECD66002DD3A2 /* Legendary_Jarvis.app */,
			);
			name = Products;
			sourceTree = "<group>";
		};
		56D2FFBA1C3ECD66002DD3A2 /* Legendary_Jarvis */ = {
			isa = PBXGroup;
			children = (
				56D2FFCC1C3ECD66002DD3A2 /* LaunchScreen.storyboard */,
				56D2FFBE1C3ECD66002DD3A2 /* AppDelegate.h */,
				56D2FFBF1C3ECD66002DD3A2 /* AppDelegate.m */,
				56D2FFC41C3ECD66002DD3A2 /* Main.storyboard */,
				20525EFF1C44F05000393028 /* View Controllers and Views */,
				563E917E1C43FF4600BD794F /* Data Storage */,
				56F683601C48033B00C0690D /* Common Classes */,
				56F683641C480E3E00C0690D /* Categories */,
				563E91801C441F6500BD794F /* Resources */,
				56D2FFCA1C3ECD66002DD3A2 /* Assets.xcassets */,
				56D2FFCF1C3ECD66002DD3A2 /* Info.plist */,
				56D2FFBB1C3ECD66002DD3A2 /* Supporting Files */,
			);
			path = Legendary_Jarvis;
			sourceTree = "<group>";
		};
		56D2FFBB1C3ECD66002DD3A2 /* Supporting Files */ = {
			isa = PBXGroup;
			children = (
				56D2FFBC1C3ECD66002DD3A2 /* main.m */,
			);
			name = "Supporting Files";
			sourceTree = "<group>";
		};
		56F683601C48033B00C0690D /* Common Classes */ = {
			isa = PBXGroup;
			children = (
				56F683611C48036700C0690D /* GameCreator.h */,
				56F683621C48036700C0690D /* GameCreator.m */,
			);
			name = "Common Classes";
			sourceTree = "<group>";
		};
		56F683641C480E3E00C0690D /* Categories */ = {
			isa = PBXGroup;
			children = (
				56F683651C480E6400C0690D /* NSArray+Randomness.h */,
				56F683661C480E6400C0690D /* NSArray+Randomness.m */,
				209618641C48E3F800A34EE2 /* NSMutableArray+Randomness.h */,
				209618651C48E3F800A34EE2 /* NSMutableArray+Randomness.m */,
			);
			name = Categories;
			sourceTree = "<group>";
		};
/* End PBXGroup section */

/* Begin PBXNativeTarget section */
		56D2FFB71C3ECD66002DD3A2 /* Legendary_Jarvis */ = {
			isa = PBXNativeTarget;
			buildConfigurationList = 56D2FFD21C3ECD66002DD3A2 /* Build configuration list for PBXNativeTarget "Legendary_Jarvis" */;
			buildPhases = (
				56D2FFB41C3ECD66002DD3A2 /* Sources */,
				56D2FFB51C3ECD66002DD3A2 /* Frameworks */,
				56D2FFB61C3ECD66002DD3A2 /* Resources */,
			);
			buildRules = (
			);
			dependencies = (
			);
			name = Legendary_Jarvis;
			productName = Legendary_Jarvis;
			productReference = 56D2FFB81C3ECD66002DD3A2 /* Legendary_Jarvis.app */;
			productType = "com.apple.product-type.application";
		};
/* End PBXNativeTarget section */

/* Begin PBXProject section */
		56D2FFB01C3ECD66002DD3A2 /* Project object */ = {
			isa = PBXProject;
			attributes = {
				LastUpgradeCheck = 0710;
				ORGANIZATIONNAME = "Georgi Bachvarov";
				TargetAttributes = {
					56D2FFB71C3ECD66002DD3A2 = {
						CreatedOnToolsVersion = 7.1.1;
					};
				};
			};
			buildConfigurationList = 56D2FFB31C3ECD66002DD3A2 /* Build configuration list for PBXProject "Legendary_Jarvis" */;
			compatibilityVersion = "Xcode 3.2";
			developmentRegion = English;
			hasScannedForEncodings = 0;
			knownRegions = (
				en,
				Base,
			);
			mainGroup = 56D2FFAF1C3ECD66002DD3A2;
			productRefGroup = 56D2FFB91C3ECD66002DD3A2 /* Products */;
			projectDirPath = "";
			projectRoot = "";
			targets = (
				56D2FFB71C3ECD66002DD3A2 /* Legendary_Jarvis */,
			);
		};
/* End PBXProject section */

/* Begin PBXResourcesBuildPhase section */
		56D2FFB61C3ECD66002DD3A2 /* Resources */ = {
			isa = PBXResourcesBuildPhase;
			buildActionMask = 2147483647;
			files = (
				561F50241C46B4BC00BD5AD2 /* Font License.txt in Resources */,
				56D2FFCE1C3ECD66002DD3A2 /* LaunchScreen.storyboard in Resources */,
				56984CF11C46AEC800D7255E /* VillainDeckSetTableViewCell.xib in Resources */,
				56D2FFCB1C3ECD66002DD3A2 /* Assets.xcassets in Resources */,
				561F50231C46B4BC00BD5AD2 /* Comic Book.otf in Resources */,
				56D2FFC61C3ECD66002DD3A2 /* Main.storyboard in Resources */,
				561F50221C46B4BC00BD5AD2 /* Comic Book Italic.otf in Resources */,
				561F50201C46B4BC00BD5AD2 /* Comic Book Bold Italic.otf in Resources */,
				561F50211C46B4BC00BD5AD2 /* Comic Book Bold.otf in Resources */,
			);
			runOnlyForDeploymentPostprocessing = 0;
		};
/* End PBXResourcesBuildPhase section */

/* Begin PBXSourcesBuildPhase section */
		56D2FFB41C3ECD66002DD3A2 /* Sources */ = {
			isa = PBXSourcesBuildPhase;
			buildActionMask = 2147483647;
			files = (
				56F683671C480E6400C0690D /* NSArray+Randomness.m in Sources */,
				20B7D6511C4463680025BA20 /* Mastermind+CoreDataProperties.m in Sources */,
				56F6835C1C47E37000C0690D /* GradientTopBar.m in Sources */,
				20B7D6471C4463680025BA20 /* HenchmanGroup+CoreDataProperties.m in Sources */,
				563E91851C4420A200BD794F /* DataManager.m in Sources */,
				209618661C48E3F800A34EE2 /* NSMutableArray+Randomness.m in Sources */,
				20B7D64C1C4463680025BA20 /* Expansion.m in Sources */,
				56D2FFC01C3ECD66002DD3A2 /* AppDelegate.m in Sources */,
				56D2FFC91C3ECD66002DD3A2 /* Legendary_Jarvis.xcdatamodeld in Sources */,
				20B7D6431C4463680025BA20 /* Hero+CoreDataProperties.m in Sources */,
				20B7D6451C4463680025BA20 /* CardSet+CoreDataProperties.m in Sources */,
				20525F081C44F26A00393028 /* CardTypeDisplayViewController.m in Sources */,
				20B7D64E1C4463680025BA20 /* Scheme.m in Sources */,
				20B7D64A1C4463680025BA20 /* DisplayableEntity.m in Sources */,
				20B7D6491C4463680025BA20 /* DisplayableEntity+CoreDataProperties.m in Sources */,
				56F683631C48036700C0690D /* GameCreator.m in Sources */,
				20B7D64B1C4463680025BA20 /* Expansion+CoreDataProperties.m in Sources */,
				20B7D6461C4463680025BA20 /* CardSet.m in Sources */,
				20B7D6401C4463680025BA20 /* SchemeRule.m in Sources */,
				56984CED1C46AEA100D7255E /* VillainDeckSetTableViewCell.m in Sources */,
				20B7D6481C4463680025BA20 /* HenchmanGroup.m in Sources */,
				56D2FFBD1C3ECD66002DD3A2 /* main.m in Sources */,
				20525F051C44F1A100393028 /* FilterCardsViewController.m in Sources */,
				20525F021C44F16F00393028 /* NumberOfPlayersViewController.m in Sources */,
				20525EFE1C44F04800393028 /* GameSetupViewController.m in Sources */,
				20B7D6441C4463680025BA20 /* Hero.m in Sources */,
				20B7D64D1C4463680025BA20 /* Scheme+CoreDataProperties.m in Sources */,
				20B7D63F1C4463680025BA20 /* SchemeRule+CoreDataProperties.m in Sources */,
				563E91881C44243F00BD794F /* DataBuilder.m in Sources */,
				20B7D6421C4463680025BA20 /* EnemyGroup.m in Sources */,
				20B7D6501C4463680025BA20 /* VillainGroup.m in Sources */,
				20B7D6521C4463680025BA20 /* Mastermind.m in Sources */,
				20B7D6411C4463680025BA20 /* EnemyGroup+CoreDataProperties.m in Sources */,
				56984CF41C46B08000D7255E /* BorderedLabel.m in Sources */,
				20B7D64F1C4463680025BA20 /* VillainGroup+CoreDataProperties.m in Sources */,
			);
			runOnlyForDeploymentPostprocessing = 0;
		};
/* End PBXSourcesBuildPhase section */

/* Begin PBXVariantGroup section */
		56D2FFC41C3ECD66002DD3A2 /* Main.storyboard */ = {
			isa = PBXVariantGroup;
			children = (
				56D2FFC51C3ECD66002DD3A2 /* Base */,
			);
			name = Main.storyboard;
			sourceTree = "<group>";
		};
		56D2FFCC1C3ECD66002DD3A2 /* LaunchScreen.storyboard */ = {
			isa = PBXVariantGroup;
			children = (
				56D2FFCD1C3ECD66002DD3A2 /* Base */,
			);
			name = LaunchScreen.storyboard;
			sourceTree = "<group>";
		};
/* End PBXVariantGroup section */

/* Begin XCBuildConfiguration section */
		56D2FFD01C3ECD66002DD3A2 /* Debug */ = {
			isa = XCBuildConfiguration;
			buildSettings = {
				ALWAYS_SEARCH_USER_PATHS = NO;
				CLANG_CXX_LANGUAGE_STANDARD = "gnu++0x";
				CLANG_CXX_LIBRARY = "libc++";
				CLANG_ENABLE_MODULES = YES;
				CLANG_ENABLE_OBJC_ARC = YES;
				CLANG_WARN_BOOL_CONVERSION = YES;
				CLANG_WARN_CONSTANT_CONVERSION = YES;
				CLANG_WARN_DIRECT_OBJC_ISA_USAGE = YES_ERROR;
				CLANG_WARN_EMPTY_BODY = YES;
				CLANG_WARN_ENUM_CONVERSION = YES;
				CLANG_WARN_INT_CONVERSION = YES;
				CLANG_WARN_OBJC_ROOT_CLASS = YES_ERROR;
				CLANG_WARN_UNREACHABLE_CODE = YES;
				CLANG_WARN__DUPLICATE_METHOD_MATCH = YES;
				"CODE_SIGN_IDENTITY[sdk=iphoneos*]" = "iPhone Developer";
				COPY_PHASE_STRIP = NO;
				DEBUG_INFORMATION_FORMAT = dwarf;
				ENABLE_STRICT_OBJC_MSGSEND = YES;
				ENABLE_TESTABILITY = YES;
				GCC_C_LANGUAGE_STANDARD = gnu99;
				GCC_DYNAMIC_NO_PIC = NO;
				GCC_NO_COMMON_BLOCKS = YES;
				GCC_OPTIMIZATION_LEVEL = 0;
				GCC_PREPROCESSOR_DEFINITIONS = (
					"DEBUG=1",
					"$(inherited)",
				);
				GCC_WARN_64_TO_32_BIT_CONVERSION = YES;
				GCC_WARN_ABOUT_RETURN_TYPE = YES_ERROR;
				GCC_WARN_UNDECLARED_SELECTOR = YES;
				GCC_WARN_UNINITIALIZED_AUTOS = YES_AGGRESSIVE;
				GCC_WARN_UNUSED_FUNCTION = YES;
				GCC_WARN_UNUSED_VARIABLE = YES;
				IPHONEOS_DEPLOYMENT_TARGET = 9.1;
				MTL_ENABLE_DEBUG_INFO = YES;
				ONLY_ACTIVE_ARCH = YES;
				SDKROOT = iphoneos;
				TARGETED_DEVICE_FAMILY = "1,2";
			};
			name = Debug;
		};
		56D2FFD11C3ECD66002DD3A2 /* Release */ = {
			isa = XCBuildConfiguration;
			buildSettings = {
				ALWAYS_SEARCH_USER_PATHS = NO;
				CLANG_CXX_LANGUAGE_STANDARD = "gnu++0x";
				CLANG_CXX_LIBRARY = "libc++";
				CLANG_ENABLE_MODULES = YES;
				CLANG_ENABLE_OBJC_ARC = YES;
				CLANG_WARN_BOOL_CONVERSION = YES;
				CLANG_WARN_CONSTANT_CONVERSION = YES;
				CLANG_WARN_DIRECT_OBJC_ISA_USAGE = YES_ERROR;
				CLANG_WARN_EMPTY_BODY = YES;
				CLANG_WARN_ENUM_CONVERSION = YES;
				CLANG_WARN_INT_CONVERSION = YES;
				CLANG_WARN_OBJC_ROOT_CLASS = YES_ERROR;
				CLANG_WARN_UNREACHABLE_CODE = YES;
				CLANG_WARN__DUPLICATE_METHOD_MATCH = YES;
				"CODE_SIGN_IDENTITY[sdk=iphoneos*]" = "iPhone Developer";
				COPY_PHASE_STRIP = NO;
				DEBUG_INFORMATION_FORMAT = "dwarf-with-dsym";
				ENABLE_NS_ASSERTIONS = NO;
				ENABLE_STRICT_OBJC_MSGSEND = YES;
				GCC_C_LANGUAGE_STANDARD = gnu99;
				GCC_NO_COMMON_BLOCKS = YES;
				GCC_WARN_64_TO_32_BIT_CONVERSION = YES;
				GCC_WARN_ABOUT_RETURN_TYPE = YES_ERROR;
				GCC_WARN_UNDECLARED_SELECTOR = YES;
				GCC_WARN_UNINITIALIZED_AUTOS = YES_AGGRESSIVE;
				GCC_WARN_UNUSED_FUNCTION = YES;
				GCC_WARN_UNUSED_VARIABLE = YES;
				IPHONEOS_DEPLOYMENT_TARGET = 9.1;
				MTL_ENABLE_DEBUG_INFO = NO;
				SDKROOT = iphoneos;
				TARGETED_DEVICE_FAMILY = "1,2";
				VALIDATE_PRODUCT = YES;
			};
			name = Release;
		};
		56D2FFD31C3ECD66002DD3A2 /* Debug */ = {
			isa = XCBuildConfiguration;
			buildSettings = {
				ASSETCATALOG_COMPILER_APPICON_NAME = AppIcon;
				INFOPLIST_FILE = Legendary_Jarvis/Info.plist;
				LD_RUNPATH_SEARCH_PATHS = "$(inherited) @executable_path/Frameworks";
				PRODUCT_BUNDLE_IDENTIFIER = "com.mentormate.Legendary-Jarvis";
				PRODUCT_NAME = "$(TARGET_NAME)";
				TARGETED_DEVICE_FAMILY = 1;
			};
			name = Debug;
		};
		56D2FFD41C3ECD66002DD3A2 /* Release */ = {
			isa = XCBuildConfiguration;
			buildSettings = {
				ASSETCATALOG_COMPILER_APPICON_NAME = AppIcon;
				INFOPLIST_FILE = Legendary_Jarvis/Info.plist;
				LD_RUNPATH_SEARCH_PATHS = "$(inherited) @executable_path/Frameworks";
				PRODUCT_BUNDLE_IDENTIFIER = "com.mentormate.Legendary-Jarvis";
				PRODUCT_NAME = "$(TARGET_NAME)";
				TARGETED_DEVICE_FAMILY = 1;
			};
			name = Release;
		};
/* End XCBuildConfiguration section */

/* Begin XCConfigurationList section */
		56D2FFB31C3ECD66002DD3A2 /* Build configuration list for PBXProject "Legendary_Jarvis" */ = {
			isa = XCConfigurationList;
			buildConfigurations = (
				56D2FFD01C3ECD66002DD3A2 /* Debug */,
				56D2FFD11C3ECD66002DD3A2 /* Release */,
			);
			defaultConfigurationIsVisible = 0;
			defaultConfigurationName = Release;
		};
		56D2FFD21C3ECD66002DD3A2 /* Build configuration list for PBXNativeTarget "Legendary_Jarvis" */ = {
			isa = XCConfigurationList;
			buildConfigurations = (
				56D2FFD31C3ECD66002DD3A2 /* Debug */,
				56D2FFD41C3ECD66002DD3A2 /* Release */,
			);
			defaultConfigurationIsVisible = 0;
			defaultConfigurationName = Release;
		};
/* End XCConfigurationList section */

/* Begin XCVersionGroup section */
		56D2FFC71C3ECD66002DD3A2 /* Legendary_Jarvis.xcdatamodeld */ = {
			isa = XCVersionGroup;
			children = (
				56D2FFC81C3ECD66002DD3A2 /* Legendary_Jarvis.xcdatamodel */,
			);
			currentVersion = 56D2FFC81C3ECD66002DD3A2 /* Legendary_Jarvis.xcdatamodel */;
			path = Legendary_Jarvis.xcdatamodeld;
			sourceTree = "<group>";
			versionGroupType = wrapper.xcdatamodel;
		};
/* End XCVersionGroup section */
	};
	rootObject = 56D2FFB01C3ECD66002DD3A2 /* Project object */;
}
